
Microsoft Visual Studio Solution File, Format Version 12.00
# Visual Studio Version 17
VisualStudioVersion = 17.0.31903.59
MinimumVisualStudioVersion = 10.0.40219.1
Project("{2150E333-8FDC-42A3-9474-1A3956D46DE8}") = "src", "src", "{DFD2F094-523E-42DF-8A3D-95738B34BF64}"
EndProject
Project("{2150E333-8FDC-42A3-9474-1A3956D46DE8}") = "services", "services", "{F7888DD3-4201-44D1-88AC-383D9021324A}"
EndProject
Project("{2150E333-8FDC-42A3-9474-1A3956D46DE8}") = "Client", "Client", "{92645A7B-6819-44D0-91C7-3D752D9607F3}"
EndProject
Project("{FAE04EC0-301F-11D3-BF4B-00C04F79EFBC}") = "Client.API", "src\services\Client\Client.API\Client.API.csproj", "{6AF2557D-F6B7-4388-BC20-E1BF352CDF5D}"
EndProject
Project("{FAE04EC0-301F-11D3-BF4B-00C04F79EFBC}") = "Client.Domain", "src\services\Client\Client.Domain\Client.Domain.csproj", "{1F1ED306-2DA2-4688-9E02-4DDF86E8BAF2}"
EndProject
Project("{FAE04EC0-301F-11D3-BF4B-00C04F79EFBC}") = "Client.Core", "src\services\Client\Client.Core\Client.Core.csproj", "{5F0CAFA6-4441-447E-B940-D31E70FF91BC}"
EndProject
Project("{FAE04EC0-301F-11D3-BF4B-00C04F79EFBC}") = "Client.Infrastructure", "src\services\Client\Client.Infrastructure\Client.Infrastructure.csproj", "{86803D1A-8E9C-4C6A-BE7F-DBB7F63A26C6}"
EndProject
Project("{FAE04EC0-301F-11D3-BF4B-00C04F79EFBC}") = "Client.Services", "src\services\Client\Client.Services\Client.Services.csproj", "{2225AD0E-BE9F-4133-9E01-B59CA25FAF8C}"
EndProject
Project("{2150E333-8FDC-42A3-9474-1A3956D46DE8}") = "ServerLog", "ServerLog", "{F9468F21-5DA7-4513-9234-6F20D6466A05}"
EndProject
Project("{FAE04EC0-301F-11D3-BF4B-00C04F79EFBC}") = "ServerLogger.API", "src\services\ServerLogger\ServerLogger.API\ServerLogger.API.csproj", "{8AF71293-6CF4-4733-886C-3152D7F98D5A}"
EndProject
Project("{FAE04EC0-301F-11D3-BF4B-00C04F79EFBC}") = "ServerLogger.Infra", "src\services\ServerLogger\ServerLogger.Infra\ServerLogger.Infra.csproj", "{4CE29921-93FB-4BC3-A0A8-778CDEEC6790}"
EndProject
Project("{2150E333-8FDC-42A3-9474-1A3956D46DE8}") = "Order", "Order", "{20A4C0D9-5558-414F-A3C6-77780169913E}"
EndProject
Project("{FAE04EC0-301F-11D3-BF4B-00C04F79EFBC}") = "Order.API", "src\services\Order\Order.API\Order.API.csproj", "{6574E3C9-DDF0-47B2-BF6E-5177499EC159}"
EndProject
Project("{FAE04EC0-301F-11D3-BF4B-00C04F79EFBC}") = "Order.Domain", "src\services\Order\Order.Domain\Order.Domain.csproj", "{467EAFDB-98EB-4570-A4BC-21CB91A036F6}"
EndProject
Project("{FAE04EC0-301F-11D3-BF4B-00C04F79EFBC}") = "Order.Core", "src\services\Order\Order.Core\Order.Core.csproj", "{B62B97FB-319E-4499-B286-12E269679478}"
EndProject
Project("{FAE04EC0-301F-11D3-BF4B-00C04F79EFBC}") = "Order.Infra", "src\services\Order\Order.Infra\Order.Infra.csproj", "{44338B66-7107-4CE4-B06B-378775C5462E}"
EndProject
Project("{FAE04EC0-301F-11D3-BF4B-00C04F79EFBC}") = "Order.Services", "src\services\Order\Order.Services\Order.Services.csproj", "{75A6F747-37F0-4C0A-BAF0-BD9788B6E85C}"
EndProject
Project("{2150E333-8FDC-42A3-9474-1A3956D46DE8}") = "MessageBroker", "MessageBroker", "{AE4F570D-DEA9-4823-A35E-1CE934821222}"
EndProject
Project("{FAE04EC0-301F-11D3-BF4B-00C04F79EFBC}") = "RabbitMQ.Core", "src\MessagerBroker\RabbitMQ.Core\RabbitMQ.Core.csproj", "{900E497A-73A1-4F00-9A1D-71CA87DE47B7}"
EndProject
Project("{FAE04EC0-301F-11D3-BF4B-00C04F79EFBC}") = "RabbitMQ.EventBus", "src\MessagerBroker\RabbitMQ.EventBus\RabbitMQ.EventBus.csproj", "{8CCEC249-2C3B-43D8-8386-8BC24C26551B}"
EndProject
Global
	GlobalSection(SolutionConfigurationPlatforms) = preSolution
		Debug|Any CPU = Debug|Any CPU
		Release|Any CPU = Release|Any CPU
	EndGlobalSection
	GlobalSection(ProjectConfigurationPlatforms) = postSolution
		{6AF2557D-F6B7-4388-BC20-E1BF352CDF5D}.Debug|Any CPU.ActiveCfg = Debug|Any CPU
		{6AF2557D-F6B7-4388-BC20-E1BF352CDF5D}.Debug|Any CPU.Build.0 = Debug|Any CPU
		{6AF2557D-F6B7-4388-BC20-E1BF352CDF5D}.Release|Any CPU.ActiveCfg = Release|Any CPU
		{6AF2557D-F6B7-4388-BC20-E1BF352CDF5D}.Release|Any CPU.Build.0 = Release|Any CPU
		{1F1ED306-2DA2-4688-9E02-4DDF86E8BAF2}.Debug|Any CPU.ActiveCfg = Debug|Any CPU
		{1F1ED306-2DA2-4688-9E02-4DDF86E8BAF2}.Debug|Any CPU.Build.0 = Debug|Any CPU
		{1F1ED306-2DA2-4688-9E02-4DDF86E8BAF2}.Release|Any CPU.ActiveCfg = Release|Any CPU
		{1F1ED306-2DA2-4688-9E02-4DDF86E8BAF2}.Release|Any CPU.Build.0 = Release|Any CPU
		{5F0CAFA6-4441-447E-B940-D31E70FF91BC}.Debug|Any CPU.ActiveCfg = Debug|Any CPU
		{5F0CAFA6-4441-447E-B940-D31E70FF91BC}.Debug|Any CPU.Build.0 = Debug|Any CPU
		{5F0CAFA6-4441-447E-B940-D31E70FF91BC}.Release|Any CPU.ActiveCfg = Release|Any CPU
		{5F0CAFA6-4441-447E-B940-D31E70FF91BC}.Release|Any CPU.Build.0 = Release|Any CPU
		{86803D1A-8E9C-4C6A-BE7F-DBB7F63A26C6}.Debug|Any CPU.ActiveCfg = Debug|Any CPU
		{86803D1A-8E9C-4C6A-BE7F-DBB7F63A26C6}.Debug|Any CPU.Build.0 = Debug|Any CPU
		{86803D1A-8E9C-4C6A-BE7F-DBB7F63A26C6}.Release|Any CPU.ActiveCfg = Release|Any CPU
		{86803D1A-8E9C-4C6A-BE7F-DBB7F63A26C6}.Release|Any CPU.Build.0 = Release|Any CPU
		{2225AD0E-BE9F-4133-9E01-B59CA25FAF8C}.Debug|Any CPU.ActiveCfg = Debug|Any CPU
		{2225AD0E-BE9F-4133-9E01-B59CA25FAF8C}.Debug|Any CPU.Build.0 = Debug|Any CPU
		{2225AD0E-BE9F-4133-9E01-B59CA25FAF8C}.Release|Any CPU.ActiveCfg = Release|Any CPU
		{2225AD0E-BE9F-4133-9E01-B59CA25FAF8C}.Release|Any CPU.Build.0 = Release|Any CPU
		{8AF71293-6CF4-4733-886C-3152D7F98D5A}.Debug|Any CPU.ActiveCfg = Debug|Any CPU
		{8AF71293-6CF4-4733-886C-3152D7F98D5A}.Debug|Any CPU.Build.0 = Debug|Any CPU
		{8AF71293-6CF4-4733-886C-3152D7F98D5A}.Release|Any CPU.ActiveCfg = Release|Any CPU
		{8AF71293-6CF4-4733-886C-3152D7F98D5A}.Release|Any CPU.Build.0 = Release|Any CPU
		{4CE29921-93FB-4BC3-A0A8-778CDEEC6790}.Debug|Any CPU.ActiveCfg = Debug|Any CPU
		{4CE29921-93FB-4BC3-A0A8-778CDEEC6790}.Debug|Any CPU.Build.0 = Debug|Any CPU
		{4CE29921-93FB-4BC3-A0A8-778CDEEC6790}.Release|Any CPU.ActiveCfg = Release|Any CPU
		{4CE29921-93FB-4BC3-A0A8-778CDEEC6790}.Release|Any CPU.Build.0 = Release|Any CPU
		{6574E3C9-DDF0-47B2-BF6E-5177499EC159}.Debug|Any CPU.ActiveCfg = Debug|Any CPU
		{6574E3C9-DDF0-47B2-BF6E-5177499EC159}.Debug|Any CPU.Build.0 = Debug|Any CPU
		{6574E3C9-DDF0-47B2-BF6E-5177499EC159}.Release|Any CPU.ActiveCfg = Release|Any CPU
		{6574E3C9-DDF0-47B2-BF6E-5177499EC159}.Release|Any CPU.Build.0 = Release|Any CPU
		{467EAFDB-98EB-4570-A4BC-21CB91A036F6}.Debug|Any CPU.ActiveCfg = Debug|Any CPU
		{467EAFDB-98EB-4570-A4BC-21CB91A036F6}.Debug|Any CPU.Build.0 = Debug|Any CPU
		{467EAFDB-98EB-4570-A4BC-21CB91A036F6}.Release|Any CPU.ActiveCfg = Release|Any CPU
		{467EAFDB-98EB-4570-A4BC-21CB91A036F6}.Release|Any CPU.Build.0 = Release|Any CPU
		{B62B97FB-319E-4499-B286-12E269679478}.Debug|Any CPU.ActiveCfg = Debug|Any CPU
		{B62B97FB-319E-4499-B286-12E269679478}.Debug|Any CPU.Build.0 = Debug|Any CPU
		{B62B97FB-319E-4499-B286-12E269679478}.Release|Any CPU.ActiveCfg = Release|Any CPU
		{B62B97FB-319E-4499-B286-12E269679478}.Release|Any CPU.Build.0 = Release|Any CPU
		{44338B66-7107-4CE4-B06B-378775C5462E}.Debug|Any CPU.ActiveCfg = Debug|Any CPU
		{44338B66-7107-4CE4-B06B-378775C5462E}.Debug|Any CPU.Build.0 = Debug|Any CPU
		{44338B66-7107-4CE4-B06B-378775C5462E}.Release|Any CPU.ActiveCfg = Release|Any CPU
		{44338B66-7107-4CE4-B06B-378775C5462E}.Release|Any CPU.Build.0 = Release|Any CPU
		{75A6F747-37F0-4C0A-BAF0-BD9788B6E85C}.Debug|Any CPU.ActiveCfg = Debug|Any CPU
		{75A6F747-37F0-4C0A-BAF0-BD9788B6E85C}.Debug|Any CPU.Build.0 = Debug|Any CPU
		{75A6F747-37F0-4C0A-BAF0-BD9788B6E85C}.Release|Any CPU.ActiveCfg = Release|Any CPU
		{75A6F747-37F0-4C0A-BAF0-BD9788B6E85C}.Release|Any CPU.Build.0 = Release|Any CPU
		{900E497A-73A1-4F00-9A1D-71CA87DE47B7}.Debug|Any CPU.ActiveCfg = Debug|Any CPU
		{900E497A-73A1-4F00-9A1D-71CA87DE47B7}.Debug|Any CPU.Build.0 = Debug|Any CPU
		{900E497A-73A1-4F00-9A1D-71CA87DE47B7}.Release|Any CPU.ActiveCfg = Release|Any CPU
		{900E497A-73A1-4F00-9A1D-71CA87DE47B7}.Release|Any CPU.Build.0 = Release|Any CPU
		{8CCEC249-2C3B-43D8-8386-8BC24C26551B}.Debug|Any CPU.ActiveCfg = Debug|Any CPU
		{8CCEC249-2C3B-43D8-8386-8BC24C26551B}.Debug|Any CPU.Build.0 = Debug|Any CPU
		{8CCEC249-2C3B-43D8-8386-8BC24C26551B}.Release|Any CPU.ActiveCfg = Release|Any CPU
		{8CCEC249-2C3B-43D8-8386-8BC24C26551B}.Release|Any CPU.Build.0 = Release|Any CPU
	EndGlobalSection
	GlobalSection(SolutionProperties) = preSolution
		HideSolutionNode = FALSE
	EndGlobalSection
	GlobalSection(NestedProjects) = preSolution
		{F7888DD3-4201-44D1-88AC-383D9021324A} = {DFD2F094-523E-42DF-8A3D-95738B34BF64}
		{92645A7B-6819-44D0-91C7-3D752D9607F3} = {F7888DD3-4201-44D1-88AC-383D9021324A}
		{6AF2557D-F6B7-4388-BC20-E1BF352CDF5D} = {92645A7B-6819-44D0-91C7-3D752D9607F3}
		{1F1ED306-2DA2-4688-9E02-4DDF86E8BAF2} = {92645A7B-6819-44D0-91C7-3D752D9607F3}
		{5F0CAFA6-4441-447E-B940-D31E70FF91BC} = {92645A7B-6819-44D0-91C7-3D752D9607F3}
		{86803D1A-8E9C-4C6A-BE7F-DBB7F63A26C6} = {92645A7B-6819-44D0-91C7-3D752D9607F3}
		{2225AD0E-BE9F-4133-9E01-B59CA25FAF8C} = {92645A7B-6819-44D0-91C7-3D752D9607F3}
		{F9468F21-5DA7-4513-9234-6F20D6466A05} = {F7888DD3-4201-44D1-88AC-383D9021324A}
		{8AF71293-6CF4-4733-886C-3152D7F98D5A} = {F9468F21-5DA7-4513-9234-6F20D6466A05}
		{4CE29921-93FB-4BC3-A0A8-778CDEEC6790} = {F9468F21-5DA7-4513-9234-6F20D6466A05}
		{20A4C0D9-5558-414F-A3C6-77780169913E} = {F7888DD3-4201-44D1-88AC-383D9021324A}
		{6574E3C9-DDF0-47B2-BF6E-5177499EC159} = {20A4C0D9-5558-414F-A3C6-77780169913E}
		{467EAFDB-98EB-4570-A4BC-21CB91A036F6} = {20A4C0D9-5558-414F-A3C6-77780169913E}
		{B62B97FB-319E-4499-B286-12E269679478} = {20A4C0D9-5558-414F-A3C6-77780169913E}
		{44338B66-7107-4CE4-B06B-378775C5462E} = {20A4C0D9-5558-414F-A3C6-77780169913E}
		{75A6F747-37F0-4C0A-BAF0-BD9788B6E85C} = {20A4C0D9-5558-414F-A3C6-77780169913E}
		{AE4F570D-DEA9-4823-A35E-1CE934821222} = {DFD2F094-523E-42DF-8A3D-95738B34BF64}
		{900E497A-73A1-4F00-9A1D-71CA87DE47B7} = {AE4F570D-DEA9-4823-A35E-1CE934821222}
		{8CCEC249-2C3B-43D8-8386-8BC24C26551B} = {AE4F570D-DEA9-4823-A35E-1CE934821222}
	EndGlobalSection
EndGlobal
